// !$*UTF8*$!
{
	archiveVersion = 1;
	classes = {
	};
	objectVersion = 46;
	objects = {

/* Begin PBXBuildFile section */
		30B5A374154B4A9E00D9F04C /* UIKit.framework in Frameworks */ = {isa = PBXBuildFile; fileRef = 30B5A373154B4A9E00D9F04C /* UIKit.framework */; };
		30B5A376154B4A9E00D9F04C /* Foundation.framework in Frameworks */ = {isa = PBXBuildFile; fileRef = 30B5A375154B4A9E00D9F04C /* Foundation.framework */; };
		30B5A378154B4A9E00D9F04C /* CoreGraphics.framework in Frameworks */ = {isa = PBXBuildFile; fileRef = 30B5A377154B4A9E00D9F04C /* CoreGraphics.framework */; };
		30B5A37E154B4A9E00D9F04C /* InfoPlist.strings in Resources */ = {isa = PBXBuildFile; fileRef = 30B5A37C154B4A9E00D9F04C /* InfoPlist.strings */; };
		30B5A380154B4A9E00D9F04C /* main.m in Sources */ = {isa = PBXBuildFile; fileRef = 30B5A37F154B4A9E00D9F04C /* main.m */; };
		30B5A384154B4A9E00D9F04C /* FPAppDelegate.m in Sources */ = {isa = PBXBuildFile; fileRef = 30B5A383154B4A9E00D9F04C /* FPAppDelegate.m */; };
		30B5A387154B4A9E00D9F04C /* MainStoryboard.storyboard in Resources */ = {isa = PBXBuildFile; fileRef = 30B5A385154B4A9E00D9F04C /* MainStoryboard.storyboard */; };
		30B5A38A154B4A9E00D9F04C /* FPViewController.m in Sources */ = {isa = PBXBuildFile; fileRef = 30B5A389154B4A9E00D9F04C /* FPViewController.m */; };
/* End PBXBuildFile section */

/* Begin PBXFileReference section */
		30B5A36F154B4A9E00D9F04C /* Artillery.app */ = {isa = PBXFileReference; explicitFileType = wrapper.application; includeInIndex = 0; path = Artillery.app; sourceTree = BUILT_PRODUCTS_DIR; };
		30B5A373154B4A9E00D9F04C /* UIKit.framework */ = {isa = PBXFileReference; lastKnownFileType = wrapper.framework; name = UIKit.framework; path = System/Library/Frameworks/UIKit.framework; sourceTree = SDKROOT; };
		30B5A375154B4A9E00D9F04C /* Foundation.framework */ = {isa = PBXFileReference; lastKnownFileType = wrapper.framework; name = Foundation.framework; path = System/Library/Frameworks/Foundation.framework; sourceTree = SDKROOT; };
		30B5A377154B4A9E00D9F04C /* CoreGraphics.framework */ = {isa = PBXFileReference; lastKnownFileType = wrapper.framework; name = CoreGraphics.framework; path = System/Library/Frameworks/CoreGraphics.framework; sourceTree = SDKROOT; };
		30B5A37B154B4A9E00D9F04C /* Artillery-Info.plist */ = {isa = PBXFileReference; lastKnownFileType = text.plist.xml; path = "Artillery-Info.plist"; sourceTree = "<group>"; };
		30B5A37D154B4A9E00D9F04C /* en */ = {isa = PBXFileReference; lastKnownFileType = text.plist.strings; name = en; path = en.lproj/InfoPlist.strings; sourceTree = "<group>"; };
		30B5A37F154B4A9E00D9F04C /* main.m */ = {isa = PBXFileReference; lastKnownFileType = sourcecode.c.objc; path = main.m; sourceTree = "<group>"; };
		30B5A381154B4A9E00D9F04C /* Artillery-Prefix.pch */ = {isa = PBXFileReference; lastKnownFileType = sourcecode.c.h; path = "Artillery-Prefix.pch"; sourceTree = "<group>"; };
		30B5A382154B4A9E00D9F04C /* FPAppDelegate.h */ = {isa = PBXFileReference; name = FPAppDelegate.h; path = Artillery/FPAppDelegate.h; sourceTree = "<group>"; };
		30B5A383154B4A9E00D9F04C /* FPAppDelegate.m */ = {isa = PBXFileReference; lastKnownFileType = sourcecode.c.objc; name = FPAppDelegate.m; path = Artillery/FPAppDelegate.m; sourceTree = "<group>"; };
		30B5A386154B4A9E00D9F04C /* en */ = {isa = PBXFileReference; lastKnownFileType = file.storyboard; name = en; path = en.lproj/MainStoryboard.storyboard; sourceTree = "<group>"; };
		30B5A388154B4A9E00D9F04C /* FPViewController.h */ = {isa = PBXFileReference; name = FPViewController.h; path = Artillery/FPViewController.h; sourceTree = "<group>"; };
		30B5A389154B4A9E00D9F04C /* FPViewController.m */ = {isa = PBXFileReference; lastKnownFileType = sourcecode.c.objc; name = FPViewController.m; path = Artillery/FPViewController.m; sourceTree = "<group>"; };
		30B5A390154B4ADB00D9F04C /* CPUTank.h */ = {isa = PBXFileReference; fileEncoding = 4; path = CPUTank.h; sourceTree = "<group>"; };
/* End PBXFileReference section */

/* Begin PBXFrameworksBuildPhase section */
		30B5A36C154B4A9E00D9F04C /* Frameworks */ = {
			isa = PBXFrameworksBuildPhase;
			buildActionMask = 2147483647;
			files = (
				30B5A374154B4A9E00D9F04C /* UIKit.framework in Frameworks */,
				30B5A376154B4A9E00D9F04C /* Foundation.framework in Frameworks */,
				30B5A378154B4A9E00D9F04C /* CoreGraphics.framework in Frameworks */,
			);
			runOnlyForDeploymentPostprocessing = 0;
		};
/* End PBXFrameworksBuildPhase section */

/* Begin PBXGroup section */
		30B5A364154B4A9E00D9F04C = {
			isa = PBXGroup;
			children = (
				30B5A390154B4ADB00D9F04C /* CPUTank.h */,
				30B5A382154B4A9E00D9F04C /* FPAppDelegate.h */,
				30B5A383154B4A9E00D9F04C /* FPAppDelegate.m */,
				30B5A385154B4A9E00D9F04C /* MainStoryboard.storyboard */,
				30B5A388154B4A9E00D9F04C /* FPViewController.h */,
				30B5A389154B4A9E00D9F04C /* FPViewController.m */,
				30B5A37A154B4A9E00D9F04C /* Supporting Files */,
				30B5A372154B4A9E00D9F04C /* Frameworks */,
				30B5A370154B4A9E00D9F04C /* Products */,
			);
			sourceTree = "<group>";
		};
		30B5A370154B4A9E00D9F04C /* Products */ = {
			isa = PBXGroup;
			children = (
				30B5A36F154B4A9E00D9F04C /* Artillery.app */,
			);
			name = Products;
			sourceTree = "<group>";
		};
		30B5A372154B4A9E00D9F04C /* Frameworks */ = {
			isa = PBXGroup;
			children = (
				30B5A373154B4A9E00D9F04C /* UIKit.framework */,
				30B5A375154B4A9E00D9F04C /* Foundation.framework */,
				30B5A377154B4A9E00D9F04C /* CoreGraphics.framework */,
			);
			name = Frameworks;
			sourceTree = "<group>";
		};
		30B5A37A154B4A9E00D9F04C /* Supporting Files */ = {
			isa = PBXGroup;
			children = (
				30B5A37B154B4A9E00D9F04C /* Artillery-Info.plist */,
				30B5A37C154B4A9E00D9F04C /* InfoPlist.strings */,
				30B5A37F154B4A9E00D9F04C /* main.m */,
				30B5A381154B4A9E00D9F04C /* Artillery-Prefix.pch */,
			);
			name = "Supporting Files";
			path = Artillery;
			sourceTree = "<group>";
		};
/* End PBXGroup section */

/* Begin PBXNativeTarget section */
		30B5A36E154B4A9E00D9F04C /* Artillery */ = {
			isa = PBXNativeTarget;
			buildConfigurationList = 30B5A38D154B4A9E00D9F04C /* Build configuration list for PBXNativeTarget "Artillery" */;
			buildPhases = (
				30B5A36B154B4A9E00D9F04C /* Sources */,
				30B5A36C154B4A9E00D9F04C /* Frameworks */,
				30B5A36D154B4A9E00D9F04C /* Resources */,
			);
			buildRules = (
			);
			dependencies = (
			);
			name = Artillery;
			productName = Artillery;
			productReference = 30B5A36F154B4A9E00D9F04C /* Artillery.app */;
			productType = "com.apple.product-type.application";
		};
/* End PBXNativeTarget section */

/* Begin PBXProject section */
		30B5A366154B4A9E00D9F04C /* Project object */ = {
			isa = PBXProject;
			attributes = {
				CLASSPREFIX = FP;
				LastUpgradeCheck = 0430;
			};
			buildConfigurationList = 30B5A369154B4A9E00D9F04C /* Build configuration list for PBXProject "Artillery" */;
			compatibilityVersion = "Xcode 3.2";
			developmentRegion = English;
			hasScannedForEncodings = 0;
			knownRegions = (
				en,
			);
			mainGroup = 30B5A364154B4A9E00D9F04C;
			productRefGroup = 30B5A370154B4A9E00D9F04C /* Products */;
			projectDirPath = "";
			projectRoot = "";
			targets = (
				30B5A36E154B4A9E00D9F04C /* Artillery */,
			);
		};
/* End PBXProject section */

/* Begin PBXResourcesBuildPhase section */
		30B5A36D154B4A9E00D9F04C /* Resources */ = {
			isa = PBXResourcesBuildPhase;
			buildActionMask = 2147483647;
			files = (
				30B5A37E154B4A9E00D9F04C /* InfoPlist.strings in Resources */,
				30B5A387154B4A9E00D9F04C /* MainStoryboard.storyboard in Resources */,
			);
			runOnlyForDeploymentPostprocessing = 0;
		};
/* End PBXResourcesBuildPhase section */

/* Begin PBXSourcesBuildPhase section */
		30B5A36B154B4A9E00D9F04C /* Sources */ = {
			isa = PBXSourcesBuildPhase;
			buildActionMask = 2147483647;
			files = (
				30B5A380154B4A9E00D9F04C /* main.m in Sources */,
				30B5A384154B4A9E00D9F04C /* FPAppDelegate.m in Sources */,
				30B5A38A154B4A9E00D9F04C /* FPViewController.m in Sources */,
			);
			runOnlyForDeploymentPostprocessing = 0;
		};
/* End PBXSourcesBuildPhase section */

/* Begin PBXVariantGroup section */
		30B5A37C154B4A9E00D9F04C /* InfoPlist.strings */ = {
			isa = PBXVariantGroup;
			children = (
				30B5A37D154B4A9E00D9F04C /* en */,
			);
			name = InfoPlist.strings;
			sourceTree = "<group>";
		};
		30B5A385154B4A9E00D9F04C /* MainStoryboard.storyboard */ = {
			isa = PBXVariantGroup;
			children = (
				30B5A386154B4A9E00D9F04C /* en */,
			);
			name = MainStoryboard.storyboard;
			path = Artillery;
			sourceTree = "<group>";
		};
/* End PBXVariantGroup section */

/* Begin XCBuildConfiguration section */
		30B5A38B154B4A9E00D9F04C /* Debug */ = {
			isa = XCBuildConfiguration;
			buildSettings = {
				ALWAYS_SEARCH_USER_PATHS = NO;
				ARCHS = "$(ARCHS_STANDARD_32_BIT)";
				CLANG_ENABLE_OBJC_ARC = YES;
				"CODE_SIGN_IDENTITY[sdk=iphoneos*]" = "iPhone Developer";
				COPY_PHASE_STRIP = NO;
				GCC_C_LANGUAGE_STANDARD = gnu99;
				GCC_DYNAMIC_NO_PIC = NO;
				GCC_OPTIMIZATION_LEVEL = 0;
				GCC_PREPROCESSOR_DEFINITIONS = (
					"DEBUG=1",
					"$(inherited)",
				);
				GCC_SYMBOLS_PRIVATE_EXTERN = NO;
				GCC_VERSION = com.apple.compilers.llvm.clang.1_0;
				GCC_WARN_ABOUT_RETURN_TYPE = YES;
				GCC_WARN_UNINITIALIZED_AUTOS = YES;
				GCC_WARN_UNUSED_VARIABLE = YES;
				IPHONEOS_DEPLOYMENT_TARGET = 5.1;
				SDKROOT = iphoneos;
			};
			name = Debug;
		};
		30B5A38C154B4A9E00D9F04C /* Release */ = {
			isa = XCBuildConfiguration;
			buildSettings = {
				ALWAYS_SEARCH_USER_PATHS = NO;
				ARCHS = "$(ARCHS_STANDARD_32_BIT)";
				CLANG_ENABLE_OBJC_ARC = YES;
				"CODE_SIGN_IDENTITY[sdk=iphoneos*]" = "iPhone Developer";
				COPY_PHASE_STRIP = YES;
				GCC_C_LANGUAGE_STANDARD = gnu99;
				GCC_VERSION = com.apple.compilers.llvm.clang.1_0;
				GCC_WARN_ABOUT_RETURN_TYPE = YES;
				GCC_WARN_UNINITIALIZED_AUTOS = YES;
				GCC_WARN_UNUSED_VARIABLE = YES;
				IPHONEOS_DEPLOYMENT_TARGET = 5.1;
				OTHER_CFLAGS = "-DNS_BLOCK_ASSERTIONS=1";
				SDKROOT = iphoneos;
				VALIDATE_PRODUCT = YES;
			};
			name = Release;
		};
		30B5A38E154B4A9E00D9F04C /* Debug */ = {
			isa = XCBuildConfiguration;
			buildSettings = {
				GCC_PRECOMPILE_PREFIX_HEADER = YES;
				GCC_PREFIX_HEADER = "Artillery/Artillery-Prefix.pch";
				INFOPLIST_FILE = "Artillery/Artillery-Info.plist";
				PRODUCT_NAME = "$(TARGET_NAME)";
				WRAPPER_EXTENSION = app;
			};
			name = Debug;
		};
		30B5A38F154B4A9E00D9F04C /* Release */ = {
			isa = XCBuildConfiguration;
			buildSettings = {
				GCC_PRECOMPILE_PREFIX_HEADER = YES;
				GCC_PREFIX_HEADER = "Artillery/Artillery-Prefix.pch";
				INFOPLIST_FILE = "Artillery/Artillery-Info.plist";
				PRODUCT_NAME = "$(TARGET_NAME)";
				WRAPPER_EXTENSION = app;
			};
			name = Release;
		};
/* End XCBuildConfiguration section */

/* Begin XCConfigurationList section */
		30B5A369154B4A9E00D9F04C /* Build configuration list for PBXProject "Artillery" */ = {
			isa = XCConfigurationList;
			buildConfigurations = (
				30B5A38B154B4A9E00D9F04C /* Debug */,
				30B5A38C154B4A9E00D9F04C /* Release */,
			);
			defaultConfigurationIsVisible = 0;
			defaultConfigurationName = Release;
		};
		30B5A38D154B4A9E00D9F04C /* Build configuration list for PBXNativeTarget "Artillery" */ = {
			isa = XCConfigurationList;
			buildConfigurations = (
				30B5A38E154B4A9E00D9F04C /* Debug */,
				30B5A38F154B4A9E00D9F04C /* Release */,
			);
			defaultConfigurationIsVisible = 0;
		};
/* End XCConfigurationList section */
	};
	rootObject = 30B5A366154B4A9E00D9F04C /* Project object */;
}
