// !$*UTF8*$!
{
	archiveVersion = 1;
	classes = {
	};
	objectVersion = 46;
	objects = {

/* Begin PBXBuildFile section */
		3004DA14154B74BE00DFD2B1 /* ArtilleryIconSmall.png in Resources */ = {isa = PBXBuildFile; fileRef = 3004DA13154B74BE00DFD2B1 /* ArtilleryIconSmall.png */; };
		3004DA17154B74C200DFD2B1 /* ArtilleryIconRetina.png in Resources */ = {isa = PBXBuildFile; fileRef = 3004DA16154B74C200DFD2B1 /* ArtilleryIconRetina.png */; };
		309F2958154B71D600542CA3 /* UIKit.framework in Frameworks */ = {isa = PBXBuildFile; fileRef = 309F2957154B71D600542CA3 /* UIKit.framework */; };
		309F295A154B71D600542CA3 /* Foundation.framework in Frameworks */ = {isa = PBXBuildFile; fileRef = 309F2959154B71D600542CA3 /* Foundation.framework */; };
		309F295C154B71D600542CA3 /* CoreGraphics.framework in Frameworks */ = {isa = PBXBuildFile; fileRef = 309F295B154B71D600542CA3 /* CoreGraphics.framework */; };
		309F2962154B71D600542CA3 /* InfoPlist.strings in Resources */ = {isa = PBXBuildFile; fileRef = 309F2960154B71D600542CA3 /* InfoPlist.strings */; };
		309F2964154B71D600542CA3 /* main.m in Sources */ = {isa = PBXBuildFile; fileRef = 309F2963154B71D600542CA3 /* main.m */; };
		309F2968154B71D600542CA3 /* FPAppDelegate.m in Sources */ = {isa = PBXBuildFile; fileRef = 309F2967154B71D600542CA3 /* FPAppDelegate.m */; };
		309F296E154B71D600542CA3 /* FPViewController.m in Sources */ = {isa = PBXBuildFile; fileRef = 309F296D154B71D600542CA3 /* FPViewController.m */; };
		309F2976154B720600542CA3 /* CPUTank.m in Sources */ = {isa = PBXBuildFile; fileRef = 309F2975154B720600542CA3 /* CPUTank.m */; };
		309F2979154B721B00542CA3 /* DifficultyContext.m in Sources */ = {isa = PBXBuildFile; fileRef = 309F2978154B721B00542CA3 /* DifficultyContext.m */; };
		309F297C154B723A00542CA3 /* FPDifficultyView.m in Sources */ = {isa = PBXBuildFile; fileRef = 309F297B154B723A00542CA3 /* FPDifficultyView.m */; };
		309F297F154B724600542CA3 /* FPGameViewController.m in Sources */ = {isa = PBXBuildFile; fileRef = 309F297E154B724600542CA3 /* FPGameViewController.m */; };
		309F2982154B726900542CA3 /* FPMultiPlayerViewController.m in Sources */ = {isa = PBXBuildFile; fileRef = 309F2981154B726900542CA3 /* FPMultiPlayerViewController.m */; };
		309F2985154B727900542CA3 /* FPSinglePlayerViewController.m in Sources */ = {isa = PBXBuildFile; fileRef = 309F2984154B727900542CA3 /* FPSinglePlayerViewController.m */; };
		309F2988154B729600542CA3 /* ShellView.m in Sources */ = {isa = PBXBuildFile; fileRef = 309F2987154B729600542CA3 /* ShellView.m */; };
		309F298B154B72A900542CA3 /* Tank.m in Sources */ = {isa = PBXBuildFile; fileRef = 309F298A154B72A900542CA3 /* Tank.m */; };
		309F298E154B72B400542CA3 /* TankQueue.m in Sources */ = {isa = PBXBuildFile; fileRef = 309F298D154B72B400542CA3 /* TankQueue.m */; };
		309F2991154B72C300542CA3 /* TankView.m in Sources */ = {isa = PBXBuildFile; fileRef = 309F2990154B72C300542CA3 /* TankView.m */; };
		309F2993154B72CB00542CA3 /* MainStoryboard.storyboard in Resources */ = {isa = PBXBuildFile; fileRef = 309F2992154B72CB00542CA3 /* MainStoryboard.storyboard */; };
		309F2995154B72E800542CA3 /* ArtilleryClouds.png in Resources */ = {isa = PBXBuildFile; fileRef = 309F2994154B72E800542CA3 /* ArtilleryClouds.png */; };
		309F2997154B72FC00542CA3 /* Background.png in Resources */ = {isa = PBXBuildFile; fileRef = 309F2996154B72FC00542CA3 /* Background.png */; };
		309F299D154B731C00542CA3 /* ArtilleryGrass.png in Resources */ = {isa = PBXBuildFile; fileRef = 309F299C154B731C00542CA3 /* ArtilleryGrass.png */; };
/* End PBXBuildFile section */

/* Begin PBXFileReference section */
		3004DA13154B74BE00DFD2B1 /* ArtilleryIconSmall.png */ = {isa = PBXFileReference; lastKnownFileType = image.png; path = ArtilleryIconSmall.png; sourceTree = SOURCE_ROOT; };
		3004DA16154B74C200DFD2B1 /* ArtilleryIconRetina.png */ = {isa = PBXFileReference; lastKnownFileType = image.png; path = ArtilleryIconRetina.png; sourceTree = SOURCE_ROOT; };
		309F2953154B71D600542CA3 /* Artillery.app */ = {isa = PBXFileReference; explicitFileType = wrapper.application; includeInIndex = 0; path = Artillery.app; sourceTree = BUILT_PRODUCTS_DIR; };
		309F2957154B71D600542CA3 /* UIKit.framework */ = {isa = PBXFileReference; lastKnownFileType = wrapper.framework; name = UIKit.framework; path = System/Library/Frameworks/UIKit.framework; sourceTree = SDKROOT; };
		309F2959154B71D600542CA3 /* Foundation.framework */ = {isa = PBXFileReference; lastKnownFileType = wrapper.framework; name = Foundation.framework; path = System/Library/Frameworks/Foundation.framework; sourceTree = SDKROOT; };
		309F295B154B71D600542CA3 /* CoreGraphics.framework */ = {isa = PBXFileReference; lastKnownFileType = wrapper.framework; name = CoreGraphics.framework; path = System/Library/Frameworks/CoreGraphics.framework; sourceTree = SDKROOT; };
		309F295F154B71D600542CA3 /* Artillery-Info.plist */ = {isa = PBXFileReference; lastKnownFileType = text.plist.xml; path = "Artillery-Info.plist"; sourceTree = "<group>"; };
		309F2961154B71D600542CA3 /* en */ = {isa = PBXFileReference; lastKnownFileType = text.plist.strings; name = en; path = en.lproj/InfoPlist.strings; sourceTree = "<group>"; };
		309F2963154B71D600542CA3 /* main.m */ = {isa = PBXFileReference; lastKnownFileType = sourcecode.c.objc; path = main.m; sourceTree = "<group>"; };
		309F2965154B71D600542CA3 /* Artillery-Prefix.pch */ = {isa = PBXFileReference; lastKnownFileType = sourcecode.c.h; path = "Artillery-Prefix.pch"; sourceTree = "<group>"; };
		309F2966154B71D600542CA3 /* FPAppDelegate.h */ = {isa = PBXFileReference; lastKnownFileType = sourcecode.c.h; path = FPAppDelegate.h; sourceTree = "<group>"; };
		309F2967154B71D600542CA3 /* FPAppDelegate.m */ = {isa = PBXFileReference; lastKnownFileType = sourcecode.c.objc; path = FPAppDelegate.m; sourceTree = "<group>"; };
		309F296C154B71D600542CA3 /* FPViewController.h */ = {isa = PBXFileReference; lastKnownFileType = sourcecode.c.h; path = FPViewController.h; sourceTree = "<group>"; };
		309F296D154B71D600542CA3 /* FPViewController.m */ = {isa = PBXFileReference; lastKnownFileType = sourcecode.c.objc; path = FPViewController.m; sourceTree = "<group>"; };
		309F2974154B71FF00542CA3 /* CPUTank.h */ = {isa = PBXFileReference; fileEncoding = 4; lastKnownFileType = sourcecode.c.h; path = CPUTank.h; sourceTree = "<group>"; };
		309F2975154B720600542CA3 /* CPUTank.m */ = {isa = PBXFileReference; fileEncoding = 4; lastKnownFileType = sourcecode.c.objc; path = CPUTank.m; sourceTree = "<group>"; };
		309F2977154B720B00542CA3 /* DifficultyContext.h */ = {isa = PBXFileReference; fileEncoding = 4; lastKnownFileType = sourcecode.c.h; path = DifficultyContext.h; sourceTree = "<group>"; };
		309F2978154B721B00542CA3 /* DifficultyContext.m */ = {isa = PBXFileReference; fileEncoding = 4; lastKnownFileType = sourcecode.c.objc; path = DifficultyContext.m; sourceTree = "<group>"; };
		309F297A154B722A00542CA3 /* FPDifficultyView.h */ = {isa = PBXFileReference; fileEncoding = 4; lastKnownFileType = sourcecode.c.h; path = FPDifficultyView.h; sourceTree = "<group>"; };
		309F297B154B723A00542CA3 /* FPDifficultyView.m */ = {isa = PBXFileReference; fileEncoding = 4; lastKnownFileType = sourcecode.c.objc; path = FPDifficultyView.m; sourceTree = "<group>"; };
		309F297D154B724000542CA3 /* FPGameViewController.h */ = {isa = PBXFileReference; fileEncoding = 4; lastKnownFileType = sourcecode.c.h; path = FPGameViewController.h; sourceTree = "<group>"; };
		309F297E154B724600542CA3 /* FPGameViewController.m */ = {isa = PBXFileReference; fileEncoding = 4; lastKnownFileType = sourcecode.c.objc; path = FPGameViewController.m; sourceTree = "<group>"; };
		309F2980154B725500542CA3 /* FPMultiPlayerViewController.h */ = {isa = PBXFileReference; fileEncoding = 4; lastKnownFileType = sourcecode.c.h; path = FPMultiPlayerViewController.h; sourceTree = "<group>"; };
		309F2981154B726900542CA3 /* FPMultiPlayerViewController.m */ = {isa = PBXFileReference; fileEncoding = 4; lastKnownFileType = sourcecode.c.objc; path = FPMultiPlayerViewController.m; sourceTree = "<group>"; };
		309F2983154B727000542CA3 /* FPSinglePlayerViewController.h */ = {isa = PBXFileReference; fileEncoding = 4; lastKnownFileType = sourcecode.c.h; path = FPSinglePlayerViewController.h; sourceTree = "<group>"; };
		309F2984154B727900542CA3 /* FPSinglePlayerViewController.m */ = {isa = PBXFileReference; fileEncoding = 4; lastKnownFileType = sourcecode.c.objc; path = FPSinglePlayerViewController.m; sourceTree = "<group>"; };
		309F2986154B729100542CA3 /* ShellView.h */ = {isa = PBXFileReference; fileEncoding = 4; lastKnownFileType = sourcecode.c.h; path = ShellView.h; sourceTree = "<group>"; };
		309F2987154B729600542CA3 /* ShellView.m */ = {isa = PBXFileReference; fileEncoding = 4; lastKnownFileType = sourcecode.c.objc; path = ShellView.m; sourceTree = "<group>"; };
		309F2989154B729F00542CA3 /* Tank.h */ = {isa = PBXFileReference; fileEncoding = 4; lastKnownFileType = sourcecode.c.h; path = Tank.h; sourceTree = "<group>"; };
		309F298A154B72A900542CA3 /* Tank.m */ = {isa = PBXFileReference; fileEncoding = 4; lastKnownFileType = sourcecode.c.objc; path = Tank.m; sourceTree = "<group>"; };
		309F298C154B72AE00542CA3 /* TankQueue.h */ = {isa = PBXFileReference; fileEncoding = 4; lastKnownFileType = sourcecode.c.h; path = TankQueue.h; sourceTree = "<group>"; };
		309F298D154B72B400542CA3 /* TankQueue.m */ = {isa = PBXFileReference; fileEncoding = 4; lastKnownFileType = sourcecode.c.objc; path = TankQueue.m; sourceTree = "<group>"; };
		309F298F154B72BB00542CA3 /* TankView.h */ = {isa = PBXFileReference; fileEncoding = 4; lastKnownFileType = sourcecode.c.h; path = TankView.h; sourceTree = "<group>"; };
		309F2990154B72C300542CA3 /* TankView.m */ = {isa = PBXFileReference; fileEncoding = 4; lastKnownFileType = sourcecode.c.objc; path = TankView.m; sourceTree = "<group>"; };
		309F2992154B72CB00542CA3 /* MainStoryboard.storyboard */ = {isa = PBXFileReference; fileEncoding = 4; lastKnownFileType = file.storyboard; path = MainStoryboard.storyboard; sourceTree = "<group>"; };
		309F2994154B72E800542CA3 /* ArtilleryClouds.png */ = {isa = PBXFileReference; lastKnownFileType = image.png; path = ArtilleryClouds.png; sourceTree = "<group>"; };
		309F2996154B72FC00542CA3 /* Background.png */ = {isa = PBXFileReference; lastKnownFileType = image.png; path = Background.png; sourceTree = "<group>"; };
		309F299C154B731C00542CA3 /* ArtilleryGrass.png */ = {isa = PBXFileReference; lastKnownFileType = image.png; path = ArtilleryGrass.png; sourceTree = SOURCE_ROOT; };
/* End PBXFileReference section */

/* Begin PBXFrameworksBuildPhase section */
		309F2950154B71D600542CA3 /* Frameworks */ = {
			isa = PBXFrameworksBuildPhase;
			buildActionMask = 2147483647;
			files = (
				309F2958154B71D600542CA3 /* UIKit.framework in Frameworks */,
				309F295A154B71D600542CA3 /* Foundation.framework in Frameworks */,
				309F295C154B71D600542CA3 /* CoreGraphics.framework in Frameworks */,
			);
			runOnlyForDeploymentPostprocessing = 0;
		};
/* End PBXFrameworksBuildPhase section */

/* Begin PBXGroup section */
		309F2948154B71D500542CA3 = {
			isa = PBXGroup;
			children = (
				309F295D154B71D600542CA3 /* Artillery */,
				309F2956154B71D600542CA3 /* Frameworks */,
				309F2954154B71D600542CA3 /* Products */,
			);
			sourceTree = "<group>";
		};
		309F2954154B71D600542CA3 /* Products */ = {
			isa = PBXGroup;
			children = (
				309F2953154B71D600542CA3 /* Artillery.app */,
			);
			name = Products;
			sourceTree = "<group>";
		};
		309F2956154B71D600542CA3 /* Frameworks */ = {
			isa = PBXGroup;
			children = (
				309F2957154B71D600542CA3 /* UIKit.framework */,
				309F2959154B71D600542CA3 /* Foundation.framework */,
				309F295B154B71D600542CA3 /* CoreGraphics.framework */,
			);
			name = Frameworks;
			sourceTree = "<group>";
		};
		309F295D154B71D600542CA3 /* Artillery */ = {
			isa = PBXGroup;
			children = (
				309F2992154B72CB00542CA3 /* MainStoryboard.storyboard */,
				309F2990154B72C300542CA3 /* TankView.m */,
				309F298F154B72BB00542CA3 /* TankView.h */,
				309F298D154B72B400542CA3 /* TankQueue.m */,
				309F298C154B72AE00542CA3 /* TankQueue.h */,
				309F298A154B72A900542CA3 /* Tank.m */,
				309F2989154B729F00542CA3 /* Tank.h */,
				309F2987154B729600542CA3 /* ShellView.m */,
				309F2986154B729100542CA3 /* ShellView.h */,
				309F2984154B727900542CA3 /* FPSinglePlayerViewController.m */,
				309F2983154B727000542CA3 /* FPSinglePlayerViewController.h */,
				309F2981154B726900542CA3 /* FPMultiPlayerViewController.m */,
				309F2980154B725500542CA3 /* FPMultiPlayerViewController.h */,
				309F297E154B724600542CA3 /* FPGameViewController.m */,
				309F297D154B724000542CA3 /* FPGameViewController.h */,
				309F297B154B723A00542CA3 /* FPDifficultyView.m */,
				309F297A154B722A00542CA3 /* FPDifficultyView.h */,
				309F2978154B721B00542CA3 /* DifficultyContext.m */,
				309F2977154B720B00542CA3 /* DifficultyContext.h */,
				309F2975154B720600542CA3 /* CPUTank.m */,
				309F2974154B71FF00542CA3 /* CPUTank.h */,
				309F2966154B71D600542CA3 /* FPAppDelegate.h */,
				309F2967154B71D600542CA3 /* FPAppDelegate.m */,
				309F296C154B71D600542CA3 /* FPViewController.h */,
				309F296D154B71D600542CA3 /* FPViewController.m */,
				309F295E154B71D600542CA3 /* Supporting Files */,
			);
			path = Artillery;
			sourceTree = "<group>";
		};
		309F295E154B71D600542CA3 /* Supporting Files */ = {
			isa = PBXGroup;
			children = (
				3004DA13154B74BE00DFD2B1 /* ArtilleryIconSmall.png */,
				3004DA16154B74C200DFD2B1 /* ArtilleryIconRetina.png */,
				309F299C154B731C00542CA3 /* ArtilleryGrass.png */,
				309F2996154B72FC00542CA3 /* Background.png */,
				309F2994154B72E800542CA3 /* ArtilleryClouds.png */,
				309F295F154B71D600542CA3 /* Artillery-Info.plist */,
				309F2960154B71D600542CA3 /* InfoPlist.strings */,
				309F2963154B71D600542CA3 /* main.m */,
				309F2965154B71D600542CA3 /* Artillery-Prefix.pch */,
			);
			name = "Supporting Files";
			sourceTree = "<group>";
		};
/* End PBXGroup section */

/* Begin PBXNativeTarget section */
		309F2952154B71D600542CA3 /* Artillery */ = {
			isa = PBXNativeTarget;
			buildConfigurationList = 309F2971154B71D600542CA3 /* Build configuration list for PBXNativeTarget "Artillery" */;
			buildPhases = (
				309F294F154B71D600542CA3 /* Sources */,
				309F2950154B71D600542CA3 /* Frameworks */,
				309F2951154B71D600542CA3 /* Resources */,
			);
			buildRules = (
			);
			dependencies = (
			);
			name = Artillery;
			productName = Artillery;
			productReference = 309F2953154B71D600542CA3 /* Artillery.app */;
			productType = "com.apple.product-type.application";
		};
/* End PBXNativeTarget section */

/* Begin PBXProject section */
		309F294A154B71D500542CA3 /* Project object */ = {
			isa = PBXProject;
			attributes = {
				CLASSPREFIX = FP;
				LastUpgradeCheck = 0430;
			};
			buildConfigurationList = 309F294D154B71D500542CA3 /* Build configuration list for PBXProject "Artillery" */;
			compatibilityVersion = "Xcode 3.2";
			developmentRegion = English;
			hasScannedForEncodings = 0;
			knownRegions = (
				en,
			);
			mainGroup = 309F2948154B71D500542CA3;
			productRefGroup = 309F2954154B71D600542CA3 /* Products */;
			projectDirPath = "";
			projectRoot = "";
			targets = (
				309F2952154B71D600542CA3 /* Artillery */,
			);
		};
/* End PBXProject section */

/* Begin PBXResourcesBuildPhase section */
		309F2951154B71D600542CA3 /* Resources */ = {
			isa = PBXResourcesBuildPhase;
			buildActionMask = 2147483647;
			files = (
				309F2962154B71D600542CA3 /* InfoPlist.strings in Resources */,
				309F2993154B72CB00542CA3 /* MainStoryboard.storyboard in Resources */,
				309F2995154B72E800542CA3 /* ArtilleryClouds.png in Resources */,
				309F2997154B72FC00542CA3 /* Background.png in Resources */,
				309F299D154B731C00542CA3 /* ArtilleryGrass.png in Resources */,
				3004DA14154B74BE00DFD2B1 /* ArtilleryIconSmall.png in Resources */,
				3004DA17154B74C200DFD2B1 /* ArtilleryIconRetina.png in Resources */,
			);
			runOnlyForDeploymentPostprocessing = 0;
		};
/* End PBXResourcesBuildPhase section */

/* Begin PBXSourcesBuildPhase section */
		309F294F154B71D600542CA3 /* Sources */ = {
			isa = PBXSourcesBuildPhase;
			buildActionMask = 2147483647;
			files = (
				309F2964154B71D600542CA3 /* main.m in Sources */,
				309F2968154B71D600542CA3 /* FPAppDelegate.m in Sources */,
				309F296E154B71D600542CA3 /* FPViewController.m in Sources */,
				309F2976154B720600542CA3 /* CPUTank.m in Sources */,
				309F2979154B721B00542CA3 /* DifficultyContext.m in Sources */,
				309F297C154B723A00542CA3 /* FPDifficultyView.m in Sources */,
				309F297F154B724600542CA3 /* FPGameViewController.m in Sources */,
				309F2982154B726900542CA3 /* FPMultiPlayerViewController.m in Sources */,
				309F2985154B727900542CA3 /* FPSinglePlayerViewController.m in Sources */,
				309F2988154B729600542CA3 /* ShellView.m in Sources */,
				309F298B154B72A900542CA3 /* Tank.m in Sources */,
				309F298E154B72B400542CA3 /* TankQueue.m in Sources */,
				309F2991154B72C300542CA3 /* TankView.m in Sources */,
			);
			runOnlyForDeploymentPostprocessing = 0;
		};
/* End PBXSourcesBuildPhase section */

/* Begin PBXVariantGroup section */
		309F2960154B71D600542CA3 /* InfoPlist.strings */ = {
			isa = PBXVariantGroup;
			children = (
				309F2961154B71D600542CA3 /* en */,
			);
			name = InfoPlist.strings;
			sourceTree = "<group>";
		};
/* End PBXVariantGroup section */

/* Begin XCBuildConfiguration section */
		309F296F154B71D600542CA3 /* Debug */ = {
			isa = XCBuildConfiguration;
			buildSettings = {
				ALWAYS_SEARCH_USER_PATHS = NO;
				ARCHS = "$(ARCHS_STANDARD_32_BIT)";
				CLANG_ENABLE_OBJC_ARC = YES;
				"CODE_SIGN_IDENTITY[sdk=iphoneos*]" = "iPhone Developer";
				COPY_PHASE_STRIP = NO;
				GCC_C_LANGUAGE_STANDARD = gnu99;
				GCC_DYNAMIC_NO_PIC = NO;
				GCC_OPTIMIZATION_LEVEL = 0;
				GCC_PREPROCESSOR_DEFINITIONS = (
					"DEBUG=1",
					"$(inherited)",
				);
				GCC_SYMBOLS_PRIVATE_EXTERN = NO;
				GCC_VERSION = com.apple.compilers.llvm.clang.1_0;
				GCC_WARN_ABOUT_RETURN_TYPE = YES;
				GCC_WARN_UNINITIALIZED_AUTOS = YES;
				GCC_WARN_UNUSED_VARIABLE = YES;
				IPHONEOS_DEPLOYMENT_TARGET = 5.1;
				SDKROOT = iphoneos;
			};
			name = Debug;
		};
		309F2970154B71D600542CA3 /* Release */ = {
			isa = XCBuildConfiguration;
			buildSettings = {
				ALWAYS_SEARCH_USER_PATHS = NO;
				ARCHS = "$(ARCHS_STANDARD_32_BIT)";
				CLANG_ENABLE_OBJC_ARC = YES;
				"CODE_SIGN_IDENTITY[sdk=iphoneos*]" = "iPhone Developer";
				COPY_PHASE_STRIP = YES;
				GCC_C_LANGUAGE_STANDARD = gnu99;
				GCC_VERSION = com.apple.compilers.llvm.clang.1_0;
				GCC_WARN_ABOUT_RETURN_TYPE = YES;
				GCC_WARN_UNINITIALIZED_AUTOS = YES;
				GCC_WARN_UNUSED_VARIABLE = YES;
				IPHONEOS_DEPLOYMENT_TARGET = 5.1;
				OTHER_CFLAGS = "-DNS_BLOCK_ASSERTIONS=1";
				SDKROOT = iphoneos;
				VALIDATE_PRODUCT = YES;
			};
			name = Release;
		};
		309F2972154B71D600542CA3 /* Debug */ = {
			isa = XCBuildConfiguration;
			buildSettings = {
				GCC_PRECOMPILE_PREFIX_HEADER = YES;
				GCC_PREFIX_HEADER = "Artillery/Artillery-Prefix.pch";
				INFOPLIST_FILE = "Artillery/Artillery-Info.plist";
				IPHONEOS_DEPLOYMENT_TARGET = 5.0;
				PRODUCT_NAME = "$(TARGET_NAME)";
				WRAPPER_EXTENSION = app;
			};
			name = Debug;
		};
		309F2973154B71D600542CA3 /* Release */ = {
			isa = XCBuildConfiguration;
			buildSettings = {
				GCC_PRECOMPILE_PREFIX_HEADER = YES;
				GCC_PREFIX_HEADER = "Artillery/Artillery-Prefix.pch";
				INFOPLIST_FILE = "Artillery/Artillery-Info.plist";
				IPHONEOS_DEPLOYMENT_TARGET = 5.0;
				PRODUCT_NAME = "$(TARGET_NAME)";
				WRAPPER_EXTENSION = app;
			};
			name = Release;
		};
/* End XCBuildConfiguration section */

/* Begin XCConfigurationList section */
		309F294D154B71D500542CA3 /* Build configuration list for PBXProject "Artillery" */ = {
			isa = XCConfigurationList;
			buildConfigurations = (
				309F296F154B71D600542CA3 /* Debug */,
				309F2970154B71D600542CA3 /* Release */,
			);
			defaultConfigurationIsVisible = 0;
			defaultConfigurationName = Release;
		};
		309F2971154B71D600542CA3 /* Build configuration list for PBXNativeTarget "Artillery" */ = {
			isa = XCConfigurationList;
			buildConfigurations = (
				309F2972154B71D600542CA3 /* Debug */,
				309F2973154B71D600542CA3 /* Release */,
			);
			defaultConfigurationIsVisible = 0;
			defaultConfigurationName = Release;
		};
/* End XCConfigurationList section */
	};
	rootObject = 309F294A154B71D500542CA3 /* Project object */;
}
